
Microsoft Visual Studio Solution File, Format Version 12.00
# Visual Studio Version 17
VisualStudioVersion = 17.0.31903.59
MinimumVisualStudioVersion = 10.0.40219.1
Project("{2150E333-8FDC-42A3-9474-1A3956D46DE8}") = "src", "src", "{FC83BCC1-C4AD-4DBF-9CCB-D43DC0505323}"
EndProject
Project("{FAE04EC0-301F-11D3-BF4B-00C04F79EFBC}") = "BuildFlow.SharedKernel", "src\SharedKernel\BuildFlow.SharedKernel.csproj", "{01EA3993-C7D7-4E90-9A0B-287E457203E9}"
EndProject
Project("{2150E333-8FDC-42A3-9474-1A3956D46DE8}") = "BuildingBlocks", "BuildingBlocks", "{2D7851C4-E053-4D5A-A71F-D2AFB81A0C01}"
EndProject
Project("{FAE04EC0-301F-11D3-BF4B-00C04F79EFBC}") = "BuildFlow.Application.Abstractions", "src\BuildingBlocks\Application.Abstractions\BuildFlow.Application.Abstractions.csproj", "{A3F85430-1BC5-4299-AADE-A83CA5858DBD}"
EndProject
Project("{2150E333-8FDC-42A3-9474-1A3956D46DE8}") = "Modules", "Modules", "{0382F1C8-9CD4-44CF-A219-6A735712B488}"
EndProject
Project("{2150E333-8FDC-42A3-9474-1A3956D46DE8}") = "Identity", "Identity", "{FB479755-82FF-49C2-A64F-BDFBDFFFF23C}"
EndProject
Project("{FAE04EC0-301F-11D3-BF4B-00C04F79EFBC}") = "BuildFlow.Identity.Domain", "src\Modules\Identity\BuildFlow.Identity.Domain\BuildFlow.Identity.Domain.csproj", "{37F13378-C5FE-4266-8B00-20ED6D4CB0F7}"
EndProject
Project("{2150E333-8FDC-42A3-9474-1A3956D46DE8}") = "tests", "tests", "{C02BD035-9F5A-40A2-AE1C-87F081C69442}"
EndProject
Project("{FAE04EC0-301F-11D3-BF4B-00C04F79EFBC}") = "BuildFlow.Identity.Domain.UnitTests", "tests\BuildFlow.Identity.Domain.UnitTests\BuildFlow.Identity.Domain.UnitTests.csproj", "{AA596952-2E02-48FD-8FB9-6C2BA7D0DE28}"
EndProject
Global
	GlobalSection(SolutionConfigurationPlatforms) = preSolution
		Debug|Any CPU = Debug|Any CPU
		Release|Any CPU = Release|Any CPU
	EndGlobalSection
	GlobalSection(SolutionProperties) = preSolution
		HideSolutionNode = FALSE
	EndGlobalSection
	GlobalSection(ProjectConfigurationPlatforms) = postSolution
		{01EA3993-C7D7-4E90-9A0B-287E457203E9}.Debug|Any CPU.ActiveCfg = Debug|Any CPU
		{01EA3993-C7D7-4E90-9A0B-287E457203E9}.Debug|Any CPU.Build.0 = Debug|Any CPU
		{01EA3993-C7D7-4E90-9A0B-287E457203E9}.Release|Any CPU.ActiveCfg = Release|Any CPU
		{01EA3993-C7D7-4E90-9A0B-287E457203E9}.Release|Any CPU.Build.0 = Release|Any CPU
		{A3F85430-1BC5-4299-AADE-A83CA5858DBD}.Debug|Any CPU.ActiveCfg = Debug|Any CPU
		{A3F85430-1BC5-4299-AADE-A83CA5858DBD}.Debug|Any CPU.Build.0 = Debug|Any CPU
		{A3F85430-1BC5-4299-AADE-A83CA5858DBD}.Release|Any CPU.ActiveCfg = Release|Any CPU
		{A3F85430-1BC5-4299-AADE-A83CA5858DBD}.Release|Any CPU.Build.0 = Release|Any CPU
		{37F13378-C5FE-4266-8B00-20ED6D4CB0F7}.Debug|Any CPU.ActiveCfg = Debug|Any CPU
		{37F13378-C5FE-4266-8B00-20ED6D4CB0F7}.Debug|Any CPU.Build.0 = Debug|Any CPU
		{37F13378-C5FE-4266-8B00-20ED6D4CB0F7}.Release|Any CPU.ActiveCfg = Release|Any CPU
		{37F13378-C5FE-4266-8B00-20ED6D4CB0F7}.Release|Any CPU.Build.0 = Release|Any CPU
		{AA596952-2E02-48FD-8FB9-6C2BA7D0DE28}.Debug|Any CPU.ActiveCfg = Debug|Any CPU
		{AA596952-2E02-48FD-8FB9-6C2BA7D0DE28}.Debug|Any CPU.Build.0 = Debug|Any CPU
		{AA596952-2E02-48FD-8FB9-6C2BA7D0DE28}.Release|Any CPU.ActiveCfg = Release|Any CPU
		{AA596952-2E02-48FD-8FB9-6C2BA7D0DE28}.Release|Any CPU.Build.0 = Release|Any CPU
	EndGlobalSection
	GlobalSection(NestedProjects) = preSolution
		{01EA3993-C7D7-4E90-9A0B-287E457203E9} = {FC83BCC1-C4AD-4DBF-9CCB-D43DC0505323}
		{2D7851C4-E053-4D5A-A71F-D2AFB81A0C01} = {FC83BCC1-C4AD-4DBF-9CCB-D43DC0505323}
		{A3F85430-1BC5-4299-AADE-A83CA5858DBD} = {2D7851C4-E053-4D5A-A71F-D2AFB81A0C01}
		{0382F1C8-9CD4-44CF-A219-6A735712B488} = {FC83BCC1-C4AD-4DBF-9CCB-D43DC0505323}
		{FB479755-82FF-49C2-A64F-BDFBDFFFF23C} = {0382F1C8-9CD4-44CF-A219-6A735712B488}
		{37F13378-C5FE-4266-8B00-20ED6D4CB0F7} = {FB479755-82FF-49C2-A64F-BDFBDFFFF23C}
		{AA596952-2E02-48FD-8FB9-6C2BA7D0DE28} = {C02BD035-9F5A-40A2-AE1C-87F081C69442}
	EndGlobalSection
EndGlobal
